
Microsoft Visual Studio Solution File, Format Version 12.00
# Visual Studio Version 17
VisualStudioVersion = 17.1.32328.378
MinimumVisualStudioVersion = 10.0.40219.1
Project("{9A19103F-16F7-4668-BE54-9A1E7A4F7556}") = "SQL_Injection_Playground", "SQL_Injection_Playground.csproj", "{B77D0CE3-9B2A-4759-84C8-02B0217685FA}"
EndProject
Global
	GlobalSection(SolutionConfigurationPlatforms) = preSolution
		Debug|Any CPU = Debug|Any CPU
		Release|Any CPU = Release|Any CPU
	EndGlobalSection
	GlobalSection(ProjectConfigurationPlatforms) = postSolution
		{B77D0CE3-9B2A-4759-84C8-02B0217685FA}.Debug|Any CPU.ActiveCfg = Debug|Any CPU
		{B77D0CE3-9B2A-4759-84C8-02B0217685FA}.Debug|Any CPU.Build.0 = Debug|Any CPU
		{B77D0CE3-9B2A-4759-84C8-02B0217685FA}.Release|Any CPU.ActiveCfg = Release|Any CPU
		{B77D0CE3-9B2A-4759-84C8-02B0217685FA}.Release|Any CPU.Build.0 = Release|Any CPU
	EndGlobalSection
	GlobalSection(SolutionProperties) = preSolution
		HideSolutionNode = FALSE
	EndGlobalSection
	GlobalSection(ExtensibilityGlobals) = postSolution
		SolutionGuid = {1406E2E6-6E49-434F-8C6F-50B48832B23F}
	EndGlobalSection
EndGlobal
